
Microsoft Visual Studio Solution File, Format Version 12.00
# Visual Studio Version 17
VisualStudioVersion = 17.9.34714.143
MinimumVisualStudioVersion = 10.0.40219.1
Project("{FAE04EC0-301F-11D3-BF4B-00C04F79EFBC}") = "300 soms", "300 soms\300 soms.csproj", "{86A59BF3-2893-40EA-99F6-0C0A4945E562}"
EndProject
Global
	GlobalSection(SolutionConfigurationPlatforms) = preSolution
		Debug|Any CPU = Debug|Any CPU
		Release|Any CPU = Release|Any CPU
	EndGlobalSection
	GlobalSection(ProjectConfigurationPlatforms) = postSolution
		{86A59BF3-2893-40EA-99F6-0C0A4945E562}.Debug|Any CPU.ActiveCfg = Debug|Any CPU
		{86A59BF3-2893-40EA-99F6-0C0A4945E562}.Debug|Any CPU.Build.0 = Debug|Any CPU
		{86A59BF3-2893-40EA-99F6-0C0A4945E562}.Release|Any CPU.ActiveCfg = Release|Any CPU
		{86A59BF3-2893-40EA-99F6-0C0A4945E562}.Release|Any CPU.Build.0 = Release|Any CPU
	EndGlobalSection
	GlobalSection(SolutionProperties) = preSolution
		HideSolutionNode = FALSE
	EndGlobalSection
	GlobalSection(ExtensibilityGlobals) = postSolution
		SolutionGuid = {10D06E39-72C4-4951-B4E7-6A6851BC9381}
	EndGlobalSection
EndGlobal
